
Microsoft Visual Studio Solution File, Format Version 12.00
# Visual Studio Version 17
VisualStudioVersion = 17.7.34024.191
MinimumVisualStudioVersion = 10.0.40219.1
Project("{FAE04EC0-301F-11D3-BF4B-00C04F79EFBC}") = "ProyectoMaquina", "ProyectoMaquina.csproj", "{A9A0828A-9B50-42D1-A150-A968C3C9B1CA}"
EndProject
Global
	GlobalSection(SolutionConfigurationPlatforms) = preSolution
		Debug|Any CPU = Debug|Any CPU
		Release|Any CPU = Release|Any CPU
	EndGlobalSection
	GlobalSection(ProjectConfigurationPlatforms) = postSolution
		{A9A0828A-9B50-42D1-A150-A968C3C9B1CA}.Debug|Any CPU.ActiveCfg = Debug|Any CPU
		{A9A0828A-9B50-42D1-A150-A968C3C9B1CA}.Debug|Any CPU.Build.0 = Debug|Any CPU
		{A9A0828A-9B50-42D1-A150-A968C3C9B1CA}.Release|Any CPU.ActiveCfg = Release|Any CPU
		{A9A0828A-9B50-42D1-A150-A968C3C9B1CA}.Release|Any CPU.Build.0 = Release|Any CPU
	EndGlobalSection
	GlobalSection(SolutionProperties) = preSolution
		HideSolutionNode = FALSE
	EndGlobalSection
	GlobalSection(ExtensibilityGlobals) = postSolution
		SolutionGuid = {89296853-8802-48D6-8843-538EF3A15E9F}
	EndGlobalSection
EndGlobal
